// !$*UTF8*$!
{
	archiveVersion = 1;
	classes = {
	};
	objectVersion = 48;
	objects = {

/* Begin PBXBuildFile section */
		3C954A757C40EEF439F4D200 /* Pods_QuickTranslator.framework in Frameworks */ = {isa = PBXBuildFile; fileRef = 396AFD2050B3BB1D5ABFF3FD /* Pods_QuickTranslator.framework */; };
		B10174841FD96F6F00BA0CE7 /* AppDelegate.swift in Sources */ = {isa = PBXBuildFile; fileRef = B10174831FD96F6F00BA0CE7 /* AppDelegate.swift */; };
		B10174861FD96F6F00BA0CE7 /* ViewController.swift in Sources */ = {isa = PBXBuildFile; fileRef = B10174851FD96F6F00BA0CE7 /* ViewController.swift */; };
		B10174881FD96F6F00BA0CE7 /* Assets.xcassets in Resources */ = {isa = PBXBuildFile; fileRef = B10174871FD96F6F00BA0CE7 /* Assets.xcassets */; };
		B101748B1FD96F6F00BA0CE7 /* Main.storyboard in Resources */ = {isa = PBXBuildFile; fileRef = B10174891FD96F6F00BA0CE7 /* Main.storyboard */; };
		B10174951FD98BCC00BA0CE7 /* TranslateViewController.swift in Sources */ = {isa = PBXBuildFile; fileRef = B10174931FD98BCC00BA0CE7 /* TranslateViewController.swift */; };
		B19E17D51FDBA5E3000F9FC2 /* MenuButton.swift in Sources */ = {isa = PBXBuildFile; fileRef = B19E17D41FDBA5E3000F9FC2 /* MenuButton.swift */; };
		B19E17D71FDBA8C8000F9FC2 /* SettingViewController.swift in Sources */ = {isa = PBXBuildFile; fileRef = B19E17D61FDBA8C8000F9FC2 /* SettingViewController.swift */; };
/* End PBXBuildFile section */

/* Begin PBXFileReference section */
		396AFD2050B3BB1D5ABFF3FD /* Pods_QuickTranslator.framework */ = {isa = PBXFileReference; explicitFileType = wrapper.framework; includeInIndex = 0; path = Pods_QuickTranslator.framework; sourceTree = BUILT_PRODUCTS_DIR; };
		8D305D73BA180311DB0578A4 /* Pods-QuickTranslator.release.xcconfig */ = {isa = PBXFileReference; includeInIndex = 1; lastKnownFileType = text.xcconfig; name = "Pods-QuickTranslator.release.xcconfig"; path = "Pods/Target Support Files/Pods-QuickTranslator/Pods-QuickTranslator.release.xcconfig"; sourceTree = "<group>"; };
		B10174801FD96F6F00BA0CE7 /* QuickTranslator.app */ = {isa = PBXFileReference; explicitFileType = wrapper.application; includeInIndex = 0; path = QuickTranslator.app; sourceTree = BUILT_PRODUCTS_DIR; };
		B10174831FD96F6F00BA0CE7 /* AppDelegate.swift */ = {isa = PBXFileReference; lastKnownFileType = sourcecode.swift; path = AppDelegate.swift; sourceTree = "<group>"; };
		B10174851FD96F6F00BA0CE7 /* ViewController.swift */ = {isa = PBXFileReference; lastKnownFileType = sourcecode.swift; path = ViewController.swift; sourceTree = "<group>"; };
		B10174871FD96F6F00BA0CE7 /* Assets.xcassets */ = {isa = PBXFileReference; lastKnownFileType = folder.assetcatalog; path = Assets.xcassets; sourceTree = "<group>"; };
		B101748A1FD96F6F00BA0CE7 /* Base */ = {isa = PBXFileReference; lastKnownFileType = file.storyboard; name = Base; path = Base.lproj/Main.storyboard; sourceTree = "<group>"; };
		B101748C1FD96F6F00BA0CE7 /* Info.plist */ = {isa = PBXFileReference; lastKnownFileType = text.plist.xml; path = Info.plist; sourceTree = "<group>"; };
		B101748D1FD96F6F00BA0CE7 /* QuickTranslator.entitlements */ = {isa = PBXFileReference; lastKnownFileType = text.plist.entitlements; path = QuickTranslator.entitlements; sourceTree = "<group>"; };
		B10174931FD98BCC00BA0CE7 /* TranslateViewController.swift */ = {isa = PBXFileReference; lastKnownFileType = sourcecode.swift; path = TranslateViewController.swift; sourceTree = "<group>"; };
		B19E17D41FDBA5E3000F9FC2 /* MenuButton.swift */ = {isa = PBXFileReference; lastKnownFileType = sourcecode.swift; path = MenuButton.swift; sourceTree = "<group>"; };
		B19E17D61FDBA8C8000F9FC2 /* SettingViewController.swift */ = {isa = PBXFileReference; lastKnownFileType = sourcecode.swift; path = SettingViewController.swift; sourceTree = "<group>"; };
		E8C9FB44227875CD9065E60B /* Pods-QuickTranslator.debug.xcconfig */ = {isa = PBXFileReference; includeInIndex = 1; lastKnownFileType = text.xcconfig; name = "Pods-QuickTranslator.debug.xcconfig"; path = "Pods/Target Support Files/Pods-QuickTranslator/Pods-QuickTranslator.debug.xcconfig"; sourceTree = "<group>"; };
/* End PBXFileReference section */

/* Begin PBXFrameworksBuildPhase section */
		B101747D1FD96F6F00BA0CE7 /* Frameworks */ = {
			isa = PBXFrameworksBuildPhase;
			buildActionMask = 2147483647;
			files = (
				3C954A757C40EEF439F4D200 /* Pods_QuickTranslator.framework in Frameworks */,
			);
			runOnlyForDeploymentPostprocessing = 0;
		};
/* End PBXFrameworksBuildPhase section */

/* Begin PBXGroup section */
		19AF02E37842428814AD4F90 /* Frameworks */ = {
			isa = PBXGroup;
			children = (
				396AFD2050B3BB1D5ABFF3FD /* Pods_QuickTranslator.framework */,
			);
			name = Frameworks;
			sourceTree = "<group>";
		};
		B10174771FD96F6F00BA0CE7 = {
			isa = PBXGroup;
			children = (
				B10174821FD96F6F00BA0CE7 /* QuickTranslator */,
				B10174811FD96F6F00BA0CE7 /* Products */,
				D171FA5270428AC4E939F2CC /* Pods */,
				19AF02E37842428814AD4F90 /* Frameworks */,
			);
			sourceTree = "<group>";
		};
		B10174811FD96F6F00BA0CE7 /* Products */ = {
			isa = PBXGroup;
			children = (
				B10174801FD96F6F00BA0CE7 /* QuickTranslator.app */,
			);
			name = Products;
			sourceTree = "<group>";
		};
		B10174821FD96F6F00BA0CE7 /* QuickTranslator */ = {
			isa = PBXGroup;
			children = (
				B19E17D31FDBA5D0000F9FC2 /* ui */,
				B10174831FD96F6F00BA0CE7 /* AppDelegate.swift */,
				B10174851FD96F6F00BA0CE7 /* ViewController.swift */,
				B10174931FD98BCC00BA0CE7 /* TranslateViewController.swift */,
				B19E17D61FDBA8C8000F9FC2 /* SettingViewController.swift */,
				B10174871FD96F6F00BA0CE7 /* Assets.xcassets */,
				B10174891FD96F6F00BA0CE7 /* Main.storyboard */,
				B101748C1FD96F6F00BA0CE7 /* Info.plist */,
				B101748D1FD96F6F00BA0CE7 /* QuickTranslator.entitlements */,
			);
			path = QuickTranslator;
			sourceTree = "<group>";
		};
		B19E17D31FDBA5D0000F9FC2 /* ui */ = {
			isa = PBXGroup;
			children = (
				B19E17D41FDBA5E3000F9FC2 /* MenuButton.swift */,
			);
			path = ui;
			sourceTree = "<group>";
		};
		D171FA5270428AC4E939F2CC /* Pods */ = {
			isa = PBXGroup;
			children = (
				E8C9FB44227875CD9065E60B /* Pods-QuickTranslator.debug.xcconfig */,
				8D305D73BA180311DB0578A4 /* Pods-QuickTranslator.release.xcconfig */,
			);
			name = Pods;
			sourceTree = "<group>";
		};
/* End PBXGroup section */

/* Begin PBXNativeTarget section */
		B101747F1FD96F6F00BA0CE7 /* QuickTranslator */ = {
			isa = PBXNativeTarget;
			buildConfigurationList = B10174901FD96F6F00BA0CE7 /* Build configuration list for PBXNativeTarget "QuickTranslator" */;
			buildPhases = (
				7651610735151B1E6A31A517 /* [CP] Check Pods Manifest.lock */,
				B101747C1FD96F6F00BA0CE7 /* Sources */,
				B101747D1FD96F6F00BA0CE7 /* Frameworks */,
				B101747E1FD96F6F00BA0CE7 /* Resources */,
				0354AC1525A28DE5D8EF795C /* [CP] Embed Pods Frameworks */,
				55F384DED9676080126080B4 /* [CP] Copy Pods Resources */,
			);
			buildRules = (
			);
			dependencies = (
			);
			name = QuickTranslator;
			productName = QuickTranslator;
			productReference = B10174801FD96F6F00BA0CE7 /* QuickTranslator.app */;
			productType = "com.apple.product-type.application";
		};
/* End PBXNativeTarget section */

/* Begin PBXProject section */
		B10174781FD96F6F00BA0CE7 /* Project object */ = {
			isa = PBXProject;
			attributes = {
				LastSwiftUpdateCheck = 0910;
				LastUpgradeCheck = 0910;
				ORGANIZATIONNAME = dhlee;
				TargetAttributes = {
					B101747F1FD96F6F00BA0CE7 = {
						CreatedOnToolsVersion = 9.1;
						ProvisioningStyle = Automatic;
						SystemCapabilities = {
							com.apple.Sandbox = {
								enabled = 1;
							};
						};
					};
				};
			};
			buildConfigurationList = B101747B1FD96F6F00BA0CE7 /* Build configuration list for PBXProject "QuickTranslator" */;
			compatibilityVersion = "Xcode 8.0";
			developmentRegion = en;
			hasScannedForEncodings = 0;
			knownRegions = (
				en,
				Base,
			);
			mainGroup = B10174771FD96F6F00BA0CE7;
			productRefGroup = B10174811FD96F6F00BA0CE7 /* Products */;
			projectDirPath = "";
			projectRoot = "";
			targets = (
				B101747F1FD96F6F00BA0CE7 /* QuickTranslator */,
			);
		};
/* End PBXProject section */

/* Begin PBXResourcesBuildPhase section */
		B101747E1FD96F6F00BA0CE7 /* Resources */ = {
			isa = PBXResourcesBuildPhase;
			buildActionMask = 2147483647;
			files = (
				B10174881FD96F6F00BA0CE7 /* Assets.xcassets in Resources */,
				B101748B1FD96F6F00BA0CE7 /* Main.storyboard in Resources */,
			);
			runOnlyForDeploymentPostprocessing = 0;
		};
/* End PBXResourcesBuildPhase section */

/* Begin PBXShellScriptBuildPhase section */
		0354AC1525A28DE5D8EF795C /* [CP] Embed Pods Frameworks */ = {
			isa = PBXShellScriptBuildPhase;
			buildActionMask = 2147483647;
			files = (
			);
			inputPaths = (
				"${SRCROOT}/Pods/Target Support Files/Pods-QuickTranslator/Pods-QuickTranslator-frameworks.sh",
				"${BUILT_PRODUCTS_DIR}/Magnet/Magnet.framework",
			);
			name = "[CP] Embed Pods Frameworks";
			outputPaths = (
				"${TARGET_BUILD_DIR}/${FRAMEWORKS_FOLDER_PATH}/Magnet.framework",
			);
			runOnlyForDeploymentPostprocessing = 0;
			shellPath = /bin/sh;
			shellScript = "\"${SRCROOT}/Pods/Target Support Files/Pods-QuickTranslator/Pods-QuickTranslator-frameworks.sh\"\n";
			showEnvVarsInLog = 0;
		};
		55F384DED9676080126080B4 /* [CP] Copy Pods Resources */ = {
			isa = PBXShellScriptBuildPhase;
			buildActionMask = 2147483647;
			files = (
			);
			inputPaths = (
			);
			name = "[CP] Copy Pods Resources";
			outputPaths = (
			);
			runOnlyForDeploymentPostprocessing = 0;
			shellPath = /bin/sh;
			shellScript = "\"${SRCROOT}/Pods/Target Support Files/Pods-QuickTranslator/Pods-QuickTranslator-resources.sh\"\n";
			showEnvVarsInLog = 0;
		};
		7651610735151B1E6A31A517 /* [CP] Check Pods Manifest.lock */ = {
			isa = PBXShellScriptBuildPhase;
			buildActionMask = 2147483647;
			files = (
			);
			inputPaths = (
				"${PODS_PODFILE_DIR_PATH}/Podfile.lock",
				"${PODS_ROOT}/Manifest.lock",
			);
			name = "[CP] Check Pods Manifest.lock";
			outputPaths = (
				"$(DERIVED_FILE_DIR)/Pods-QuickTranslator-checkManifestLockResult.txt",
			);
			runOnlyForDeploymentPostprocessing = 0;
			shellPath = /bin/sh;
			shellScript = "diff \"${PODS_PODFILE_DIR_PATH}/Podfile.lock\" \"${PODS_ROOT}/Manifest.lock\" > /dev/null\nif [ $? != 0 ] ; then\n    # print error to STDERR\n    echo \"error: The sandbox is not in sync with the Podfile.lock. Run 'pod install' or update your CocoaPods installation.\" >&2\n    exit 1\nfi\n# This output is used by Xcode 'outputs' to avoid re-running this script phase.\necho \"SUCCESS\" > \"${SCRIPT_OUTPUT_FILE_0}\"\n";
			showEnvVarsInLog = 0;
		};
/* End PBXShellScriptBuildPhase section */

/* Begin PBXSourcesBuildPhase section */
		B101747C1FD96F6F00BA0CE7 /* Sources */ = {
			isa = PBXSourcesBuildPhase;
			buildActionMask = 2147483647;
			files = (
				B19E17D71FDBA8C8000F9FC2 /* SettingViewController.swift in Sources */,
				B19E17D51FDBA5E3000F9FC2 /* MenuButton.swift in Sources */,
				B10174861FD96F6F00BA0CE7 /* ViewController.swift in Sources */,
				B10174841FD96F6F00BA0CE7 /* AppDelegate.swift in Sources */,
				B10174951FD98BCC00BA0CE7 /* TranslateViewController.swift in Sources */,
			);
			runOnlyForDeploymentPostprocessing = 0;
		};
/* End PBXSourcesBuildPhase section */

/* Begin PBXVariantGroup section */
		B10174891FD96F6F00BA0CE7 /* Main.storyboard */ = {
			isa = PBXVariantGroup;
			children = (
				B101748A1FD96F6F00BA0CE7 /* Base */,
			);
			name = Main.storyboard;
			sourceTree = "<group>";
		};
/* End PBXVariantGroup section */

/* Begin XCBuildConfiguration section */
		B101748E1FD96F6F00BA0CE7 /* Debug */ = {
			isa = XCBuildConfiguration;
			buildSettings = {
				ALWAYS_SEARCH_USER_PATHS = NO;
				CLANG_ANALYZER_NONNULL = YES;
				CLANG_ANALYZER_NUMBER_OBJECT_CONVERSION = YES_AGGRESSIVE;
				CLANG_CXX_LANGUAGE_STANDARD = "gnu++14";
				CLANG_CXX_LIBRARY = "libc++";
				CLANG_ENABLE_MODULES = YES;
				CLANG_ENABLE_OBJC_ARC = YES;
				CLANG_WARN_BLOCK_CAPTURE_AUTORELEASING = YES;
				CLANG_WARN_BOOL_CONVERSION = YES;
				CLANG_WARN_COMMA = YES;
				CLANG_WARN_CONSTANT_CONVERSION = YES;
				CLANG_WARN_DIRECT_OBJC_ISA_USAGE = YES_ERROR;
				CLANG_WARN_DOCUMENTATION_COMMENTS = YES;
				CLANG_WARN_EMPTY_BODY = YES;
				CLANG_WARN_ENUM_CONVERSION = YES;
				CLANG_WARN_INFINITE_RECURSION = YES;
				CLANG_WARN_INT_CONVERSION = YES;
				CLANG_WARN_NON_LITERAL_NULL_CONVERSION = YES;
				CLANG_WARN_OBJC_LITERAL_CONVERSION = YES;
				CLANG_WARN_OBJC_ROOT_CLASS = YES_ERROR;
				CLANG_WARN_RANGE_LOOP_ANALYSIS = YES;
				CLANG_WARN_STRICT_PROTOTYPES = YES;
				CLANG_WARN_SUSPICIOUS_MOVE = YES;
				CLANG_WARN_UNGUARDED_AVAILABILITY = YES_AGGRESSIVE;
				CLANG_WARN_UNREACHABLE_CODE = YES;
				CLANG_WARN__DUPLICATE_METHOD_MATCH = YES;
				CODE_SIGN_IDENTITY = "Mac Developer";
				COPY_PHASE_STRIP = NO;
				DEBUG_INFORMATION_FORMAT = dwarf;
				ENABLE_STRICT_OBJC_MSGSEND = YES;
				ENABLE_TESTABILITY = YES;
				GCC_C_LANGUAGE_STANDARD = gnu11;
				GCC_DYNAMIC_NO_PIC = NO;
				GCC_NO_COMMON_BLOCKS = YES;
				GCC_OPTIMIZATION_LEVEL = 0;
				GCC_PREPROCESSOR_DEFINITIONS = (
					"DEBUG=1",
					"$(inherited)",
				);
				GCC_WARN_64_TO_32_BIT_CONVERSION = YES;
				GCC_WARN_ABOUT_RETURN_TYPE = YES_ERROR;
				GCC_WARN_UNDECLARED_SELECTOR = YES;
				GCC_WARN_UNINITIALIZED_AUTOS = YES_AGGRESSIVE;
				GCC_WARN_UNUSED_FUNCTION = YES;
				GCC_WARN_UNUSED_VARIABLE = YES;
				MACOSX_DEPLOYMENT_TARGET = 10.13;
				MTL_ENABLE_DEBUG_INFO = YES;
				ONLY_ACTIVE_ARCH = YES;
				SDKROOT = macosx;
				SWIFT_ACTIVE_COMPILATION_CONDITIONS = DEBUG;
				SWIFT_OPTIMIZATION_LEVEL = "-Onone";
			};
			name = Debug;
		};
		B101748F1FD96F6F00BA0CE7 /* Release */ = {
			isa = XCBuildConfiguration;
			buildSettings = {
				ALWAYS_SEARCH_USER_PATHS = NO;
				CLANG_ANALYZER_NONNULL = YES;
				CLANG_ANALYZER_NUMBER_OBJECT_CONVERSION = YES_AGGRESSIVE;
				CLANG_CXX_LANGUAGE_STANDARD = "gnu++14";
				CLANG_CXX_LIBRARY = "libc++";
				CLANG_ENABLE_MODULES = YES;
				CLANG_ENABLE_OBJC_ARC = YES;
				CLANG_WARN_BLOCK_CAPTURE_AUTORELEASING = YES;
				CLANG_WARN_BOOL_CONVERSION = YES;
				CLANG_WARN_COMMA = YES;
				CLANG_WARN_CONSTANT_CONVERSION = YES;
				CLANG_WARN_DIRECT_OBJC_ISA_USAGE = YES_ERROR;
				CLANG_WARN_DOCUMENTATION_COMMENTS = YES;
				CLANG_WARN_EMPTY_BODY = YES;
				CLANG_WARN_ENUM_CONVERSION = YES;
				CLANG_WARN_INFINITE_RECURSION = YES;
				CLANG_WARN_INT_CONVERSION = YES;
				CLANG_WARN_NON_LITERAL_NULL_CONVERSION = YES;
				CLANG_WARN_OBJC_LITERAL_CONVERSION = YES;
				CLANG_WARN_OBJC_ROOT_CLASS = YES_ERROR;
				CLANG_WARN_RANGE_LOOP_ANALYSIS = YES;
				CLANG_WARN_STRICT_PROTOTYPES = YES;
				CLANG_WARN_SUSPICIOUS_MOVE = YES;
				CLANG_WARN_UNGUARDED_AVAILABILITY = YES_AGGRESSIVE;
				CLANG_WARN_UNREACHABLE_CODE = YES;
				CLANG_WARN__DUPLICATE_METHOD_MATCH = YES;
				CODE_SIGN_IDENTITY = "Mac Developer";
				COPY_PHASE_STRIP = NO;
				DEBUG_INFORMATION_FORMAT = "dwarf-with-dsym";
				ENABLE_NS_ASSERTIONS = NO;
				ENABLE_STRICT_OBJC_MSGSEND = YES;
				GCC_C_LANGUAGE_STANDARD = gnu11;
				GCC_NO_COMMON_BLOCKS = YES;
				GCC_WARN_64_TO_32_BIT_CONVERSION = YES;
				GCC_WARN_ABOUT_RETURN_TYPE = YES_ERROR;
				GCC_WARN_UNDECLARED_SELECTOR = YES;
				GCC_WARN_UNINITIALIZED_AUTOS = YES_AGGRESSIVE;
				GCC_WARN_UNUSED_FUNCTION = YES;
				GCC_WARN_UNUSED_VARIABLE = YES;
				MACOSX_DEPLOYMENT_TARGET = 10.13;
				MTL_ENABLE_DEBUG_INFO = NO;
				SDKROOT = macosx;
				SWIFT_OPTIMIZATION_LEVEL = "-Owholemodule";
			};
			name = Release;
		};
		B10174911FD96F6F00BA0CE7 /* Debug */ = {
			isa = XCBuildConfiguration;
			baseConfigurationReference = E8C9FB44227875CD9065E60B /* Pods-QuickTranslator.debug.xcconfig */;
			buildSettings = {
				ASSETCATALOG_COMPILER_APPICON_NAME = AppIcon;
				CODE_SIGN_ENTITLEMENTS = QuickTranslator/QuickTranslator.entitlements;
				CODE_SIGN_IDENTITY = "Mac Developer";
				CODE_SIGN_STYLE = Automatic;
				COMBINE_HIDPI_IMAGES = YES;
				DEVELOPMENT_TEAM = HV4VTT4EX9;
				INFOPLIST_FILE = QuickTranslator/Info.plist;
				LD_RUNPATH_SEARCH_PATHS = "$(inherited) @executable_path/../Frameworks";
				MACOSX_DEPLOYMENT_TARGET = 10.12;
				PRODUCT_BUNDLE_IDENTIFIER = com.dhlee.QuickTranslator;
				PRODUCT_NAME = "$(TARGET_NAME)";
				PROVISIONING_PROFILE_SPECIFIER = "";
				SWIFT_VERSION = 4.0;
			};
			name = Debug;
		};
		B10174921FD96F6F00BA0CE7 /* Release */ = {
			isa = XCBuildConfiguration;
			baseConfigurationReference = 8D305D73BA180311DB0578A4 /* Pods-QuickTranslator.release.xcconfig */;
			buildSettings = {
				ASSETCATALOG_COMPILER_APPICON_NAME = AppIcon;
				CODE_SIGN_ENTITLEMENTS = QuickTranslator/QuickTranslator.entitlements;
				CODE_SIGN_IDENTITY = "Mac Developer";
				CODE_SIGN_STYLE = Automatic;
				COMBINE_HIDPI_IMAGES = YES;
				DEVELOPMENT_TEAM = HV4VTT4EX9;
				INFOPLIST_FILE = QuickTranslator/Info.plist;
				LD_RUNPATH_SEARCH_PATHS = "$(inherited) @executable_path/../Frameworks";
				MACOSX_DEPLOYMENT_TARGET = 10.12;
				PRODUCT_BUNDLE_IDENTIFIER = com.dhlee.QuickTranslator;
				PRODUCT_NAME = "$(TARGET_NAME)";
				PROVISIONING_PROFILE_SPECIFIER = "";
				SWIFT_VERSION = 4.0;
			};
			name = Release;
		};
/* End XCBuildConfiguration section */

/* Begin XCConfigurationList section */
		B101747B1FD96F6F00BA0CE7 /* Build configuration list for PBXProject "QuickTranslator" */ = {
			isa = XCConfigurationList;
			buildConfigurations = (
				B101748E1FD96F6F00BA0CE7 /* Debug */,
				B101748F1FD96F6F00BA0CE7 /* Release */,
			);
			defaultConfigurationIsVisible = 0;
			defaultConfigurationName = Release;
		};
		B10174901FD96F6F00BA0CE7 /* Build configuration list for PBXNativeTarget "QuickTranslator" */ = {
			isa = XCConfigurationList;
			buildConfigurations = (
				B10174911FD96F6F00BA0CE7 /* Debug */,
				B10174921FD96F6F00BA0CE7 /* Release */,
			);
			defaultConfigurationIsVisible = 0;
			defaultConfigurationName = Release;
		};
/* End XCConfigurationList section */
	};
	rootObject = B10174781FD96F6F00BA0CE7 /* Project object */;
}
